
Microsoft Visual Studio Solution File, Format Version 12.00
# Visual Studio 15
VisualStudioVersion = 15.0.28010.2019
MinimumVisualStudioVersion = 10.0.40219.1
Project("{9A19103F-16F7-4668-BE54-9A1E7A4F7556}") = "MoodTubeOriginal", "WebApplication2\MoodTubeOriginal.csproj", "{D3603C77-B514-4A25-96AD-787C3BD8EAB4}"
EndProject
Global
	GlobalSection(SolutionConfigurationPlatforms) = preSolution
		Debug|Any CPU = Debug|Any CPU
		Release|Any CPU = Release|Any CPU
	EndGlobalSection
	GlobalSection(ProjectConfigurationPlatforms) = postSolution
		{D3603C77-B514-4A25-96AD-787C3BD8EAB4}.Debug|Any CPU.ActiveCfg = Debug|Any CPU
		{D3603C77-B514-4A25-96AD-787C3BD8EAB4}.Debug|Any CPU.Build.0 = Debug|Any CPU
		{D3603C77-B514-4A25-96AD-787C3BD8EAB4}.Release|Any CPU.ActiveCfg = Release|Any CPU
		{D3603C77-B514-4A25-96AD-787C3BD8EAB4}.Release|Any CPU.Build.0 = Release|Any CPU
	EndGlobalSection
	GlobalSection(SolutionProperties) = preSolution
		HideSolutionNode = FALSE
	EndGlobalSection
	GlobalSection(ExtensibilityGlobals) = postSolution
		SolutionGuid = {6F05F86D-6DC4-4605-9EE0-DDDC04CE7DCB}
	EndGlobalSection
EndGlobal
